
Microsoft Visual Studio Solution File, Format Version 12.00
# Visual Studio Version 17
VisualStudioVersion = 17.4.33122.133
MinimumVisualStudioVersion = 10.0.40219.1
Project("{9A19103F-16F7-4668-BE54-9A1E7A4F7556}") = "BookProgram", "BookProgram\BookProgram.csproj", "{51AE33AB-13A2-42EA-9DA7-A91F3368AB65}"
EndProject
Global
	GlobalSection(SolutionConfigurationPlatforms) = preSolution
		Debug|Any CPU = Debug|Any CPU
		Release|Any CPU = Release|Any CPU
	EndGlobalSection
	GlobalSection(ProjectConfigurationPlatforms) = postSolution
		{51AE33AB-13A2-42EA-9DA7-A91F3368AB65}.Debug|Any CPU.ActiveCfg = Debug|Any CPU
		{51AE33AB-13A2-42EA-9DA7-A91F3368AB65}.Debug|Any CPU.Build.0 = Debug|Any CPU
		{51AE33AB-13A2-42EA-9DA7-A91F3368AB65}.Release|Any CPU.ActiveCfg = Release|Any CPU
		{51AE33AB-13A2-42EA-9DA7-A91F3368AB65}.Release|Any CPU.Build.0 = Release|Any CPU
	EndGlobalSection
	GlobalSection(SolutionProperties) = preSolution
		HideSolutionNode = FALSE
	EndGlobalSection
	GlobalSection(ExtensibilityGlobals) = postSolution
		SolutionGuid = {24DD91B9-44EF-4B9E-974A-5CF515C63AD7}
	EndGlobalSection
EndGlobal
